// !$*UTF8*$!
{
	archiveVersion = 1;
	classes = {
	};
	objectVersion = 46;
	objects = {

/* Begin PBXBuildFile section */
		687DBD71B0245FFBE0F2543D /* libPods-MyAppFrame.a in Frameworks */ = {isa = PBXBuildFile; fileRef = BAC04B44C90F99449DA97CCA /* libPods-MyAppFrame.a */; };
		E7C6100F1E961DC500BBB0DD /* main.m in Sources */ = {isa = PBXBuildFile; fileRef = E7C6100E1E961DC500BBB0DD /* main.m */; };
		E7C610121E961DC500BBB0DD /* AppDelegate.mm in Sources */ = {isa = PBXBuildFile; fileRef = E7C610111E961DC500BBB0DD /* AppDelegate.mm */; };
		E7C610151E961DC500BBB0DD /* ViewController.m in Sources */ = {isa = PBXBuildFile; fileRef = E7C610141E961DC500BBB0DD /* ViewController.m */; };
		E7C610181E961DC500BBB0DD /* Main.storyboard in Resources */ = {isa = PBXBuildFile; fileRef = E7C610161E961DC500BBB0DD /* Main.storyboard */; };
		E7C6101A1E961DC500BBB0DD /* Assets.xcassets in Resources */ = {isa = PBXBuildFile; fileRef = E7C610191E961DC500BBB0DD /* Assets.xcassets */; };
		E7C6101D1E961DC500BBB0DD /* LaunchScreen.storyboard in Resources */ = {isa = PBXBuildFile; fileRef = E7C6101B1E961DC500BBB0DD /* LaunchScreen.storyboard */; };
		E7C610301E9628B300BBB0DD /* GiFHUD.m in Sources */ = {isa = PBXBuildFile; fileRef = E7C6102B1E9628B300BBB0DD /* GiFHUD.m */; };
		E7C610311E9628B300BBB0DD /* loading.gif in Resources */ = {isa = PBXBuildFile; fileRef = E7C6102C1E9628B300BBB0DD /* loading.gif */; };
		E7C6107F1E96357900BBB0DD /* UIKit.framework in Frameworks */ = {isa = PBXBuildFile; fileRef = E7C6107E1E96357900BBB0DD /* UIKit.framework */; };
		E7C610811E9635A800BBB0DD /* Foundation.framework in Frameworks */ = {isa = PBXBuildFile; fileRef = E7C610801E9635A800BBB0DD /* Foundation.framework */; };
		E7C610851E96361900BBB0DD /* MainBaseNetworkRequest.m in Sources */ = {isa = PBXBuildFile; fileRef = E7C610831E96361900BBB0DD /* MainBaseNetworkRequest.m */; };
		E7C610D81E963FCB00BBB0DD /* NSArray+SNFoundation.m in Sources */ = {isa = PBXBuildFile; fileRef = E7C610C91E963FCB00BBB0DD /* NSArray+SNFoundation.m */; };
		E7C610D91E963FCB00BBB0DD /* NSDate+ExFoundation.m in Sources */ = {isa = PBXBuildFile; fileRef = E7C610CB1E963FCB00BBB0DD /* NSDate+ExFoundation.m */; };
		E7C610DA1E963FCB00BBB0DD /* NSDate+SNFoundation.m in Sources */ = {isa = PBXBuildFile; fileRef = E7C610CD1E963FCB00BBB0DD /* NSDate+SNFoundation.m */; };
		E7C610DB1E963FCB00BBB0DD /* NSDictionary+ExFoundation.m in Sources */ = {isa = PBXBuildFile; fileRef = E7C610CF1E963FCB00BBB0DD /* NSDictionary+ExFoundation.m */; };
		E7C610DC1E963FCB00BBB0DD /* NSDictionary+SNFoundation.m in Sources */ = {isa = PBXBuildFile; fileRef = E7C610D11E963FCB00BBB0DD /* NSDictionary+SNFoundation.m */; };
		E7C610DD1E963FCB00BBB0DD /* NSString+Additions.m in Sources */ = {isa = PBXBuildFile; fileRef = E7C610D31E963FCB00BBB0DD /* NSString+Additions.m */; };
		E7C610DE1E963FCB00BBB0DD /* NSString+SNFoundation.m in Sources */ = {isa = PBXBuildFile; fileRef = E7C610D51E963FCB00BBB0DD /* NSString+SNFoundation.m */; };
		E7C610DF1E963FCB00BBB0DD /* UIColor+SNFoundation.m in Sources */ = {isa = PBXBuildFile; fileRef = E7C610D71E963FCB00BBB0DD /* UIColor+SNFoundation.m */; };
		E7C610E21E96404600BBB0DD /* UIWebView+SNFoundation.m in Sources */ = {isa = PBXBuildFile; fileRef = E7C610E11E96404600BBB0DD /* UIWebView+SNFoundation.m */; };
		E7C610E51E96406F00BBB0DD /* NSData+SNFoundation.m in Sources */ = {isa = PBXBuildFile; fileRef = E7C610E41E96406F00BBB0DD /* NSData+SNFoundation.m */; };
		E7C611171E9728B700BBB0DD /* nav_BG.png in Resources */ = {isa = PBXBuildFile; fileRef = E7C6110B1E9728B700BBB0DD /* nav_BG.png */; };
		E7C611181E9728B700BBB0DD /* nav_back_button.png in Resources */ = {isa = PBXBuildFile; fileRef = E7C6110C1E9728B700BBB0DD /* nav_back_button.png */; };
		E7C611191E9728B700BBB0DD /* nav_back_button_hightlight.png in Resources */ = {isa = PBXBuildFile; fileRef = E7C6110D1E9728B700BBB0DD /* nav_back_button_hightlight.png */; };
		E7C6111A1E9728B700BBB0DD /* home_selected_gr@2x.png in Resources */ = {isa = PBXBuildFile; fileRef = E7C6110E1E9728B700BBB0DD /* home_selected_gr@2x.png */; };
		E7C6111B1E9728B700BBB0DD /* home_selected_gr@3x.png in Resources */ = {isa = PBXBuildFile; fileRef = E7C6110F1E9728B700BBB0DD /* home_selected_gr@3x.png */; };
		E7C6111C1E9728B700BBB0DD /* home_unselected_gr@2x.png in Resources */ = {isa = PBXBuildFile; fileRef = E7C611101E9728B700BBB0DD /* home_unselected_gr@2x.png */; };
		E7C6111D1E9728B700BBB0DD /* home_unselected_gr@3x.png in Resources */ = {isa = PBXBuildFile; fileRef = E7C611111E9728B700BBB0DD /* home_unselected_gr@3x.png */; };
		E7C6111E1E9728B700BBB0DD /* home_selected_jl@2x.png in Resources */ = {isa = PBXBuildFile; fileRef = E7C611121E9728B700BBB0DD /* home_selected_jl@2x.png */; };
		E7C6111F1E9728B700BBB0DD /* home_selected_jl@3x.png in Resources */ = {isa = PBXBuildFile; fileRef = E7C611131E9728B700BBB0DD /* home_selected_jl@3x.png */; };
		E7C611201E9728B700BBB0DD /* home_unselected_jl@2x.png in Resources */ = {isa = PBXBuildFile; fileRef = E7C611141E9728B700BBB0DD /* home_unselected_jl@2x.png */; };
		E7C611211E9728B700BBB0DD /* home_unselected_jl@3x.png in Resources */ = {isa = PBXBuildFile; fileRef = E7C611151E9728B700BBB0DD /* home_unselected_jl@3x.png */; };
		E7C6112C1E9728D900BBB0DD /* HMNavigationController.m in Sources */ = {isa = PBXBuildFile; fileRef = E7C611251E9728D900BBB0DD /* HMNavigationController.m */; };
		E7C6112D1E9728D900BBB0DD /* HMTabBar.m in Sources */ = {isa = PBXBuildFile; fileRef = E7C611271E9728D900BBB0DD /* HMTabBar.m */; };
		E7C6112E1E9728D900BBB0DD /* HMTabBarViewController.m in Sources */ = {isa = PBXBuildFile; fileRef = E7C611291E9728D900BBB0DD /* HMTabBarViewController.m */; };
		E7C6112F1E9728D900BBB0DD /* UIBarButtonItem+Extension.m in Sources */ = {isa = PBXBuildFile; fileRef = E7C6112B1E9728D900BBB0DD /* UIBarButtonItem+Extension.m */; };
/* End PBXBuildFile section */

/* Begin PBXFileReference section */
		7539BB608AA0092C9790E2BF /* Pods-MyAppFrame.release.xcconfig */ = {isa = PBXFileReference; includeInIndex = 1; lastKnownFileType = text.xcconfig; name = "Pods-MyAppFrame.release.xcconfig"; path = "Pods/Target Support Files/Pods-MyAppFrame/Pods-MyAppFrame.release.xcconfig"; sourceTree = "<group>"; };
		BAC04B44C90F99449DA97CCA /* libPods-MyAppFrame.a */ = {isa = PBXFileReference; explicitFileType = archive.ar; includeInIndex = 0; path = "libPods-MyAppFrame.a"; sourceTree = BUILT_PRODUCTS_DIR; };
		CF9702E9538AB6B1D06E4D3D /* Pods-MyAppFrame.debug.xcconfig */ = {isa = PBXFileReference; includeInIndex = 1; lastKnownFileType = text.xcconfig; name = "Pods-MyAppFrame.debug.xcconfig"; path = "Pods/Target Support Files/Pods-MyAppFrame/Pods-MyAppFrame.debug.xcconfig"; sourceTree = "<group>"; };
		E7C6100A1E961DC500BBB0DD /* MyAppFrame.app */ = {isa = PBXFileReference; explicitFileType = wrapper.application; includeInIndex = 0; path = MyAppFrame.app; sourceTree = BUILT_PRODUCTS_DIR; };
		E7C6100E1E961DC500BBB0DD /* main.m */ = {isa = PBXFileReference; lastKnownFileType = sourcecode.c.objc; path = main.m; sourceTree = "<group>"; };
		E7C610101E961DC500BBB0DD /* AppDelegate.h */ = {isa = PBXFileReference; lastKnownFileType = sourcecode.c.h; path = AppDelegate.h; sourceTree = "<group>"; };
		E7C610111E961DC500BBB0DD /* AppDelegate.mm */ = {isa = PBXFileReference; lastKnownFileType = sourcecode.cpp.objcpp; path = AppDelegate.mm; sourceTree = "<group>"; };
		E7C610131E961DC500BBB0DD /* ViewController.h */ = {isa = PBXFileReference; lastKnownFileType = sourcecode.c.h; path = ViewController.h; sourceTree = "<group>"; };
		E7C610141E961DC500BBB0DD /* ViewController.m */ = {isa = PBXFileReference; lastKnownFileType = sourcecode.c.objc; path = ViewController.m; sourceTree = "<group>"; };
		E7C610171E961DC500BBB0DD /* Base */ = {isa = PBXFileReference; lastKnownFileType = file.storyboard; name = Base; path = Base.lproj/Main.storyboard; sourceTree = "<group>"; };
		E7C610191E961DC500BBB0DD /* Assets.xcassets */ = {isa = PBXFileReference; lastKnownFileType = folder.assetcatalog; path = Assets.xcassets; sourceTree = "<group>"; };
		E7C6101C1E961DC500BBB0DD /* Base */ = {isa = PBXFileReference; lastKnownFileType = file.storyboard; name = Base; path = Base.lproj/LaunchScreen.storyboard; sourceTree = "<group>"; };
		E7C6101E1E961DC500BBB0DD /* Info.plist */ = {isa = PBXFileReference; lastKnownFileType = text.plist.xml; path = Info.plist; sourceTree = "<group>"; };
		E7C610241E9621F900BBB0DD /* PrefixHeader.pch */ = {isa = PBXFileReference; lastKnownFileType = sourcecode.c.h; path = PrefixHeader.pch; sourceTree = "<group>"; };
		E7C6102A1E9628B300BBB0DD /* GiFHUD.h */ = {isa = PBXFileReference; fileEncoding = 4; lastKnownFileType = sourcecode.c.h; path = GiFHUD.h; sourceTree = "<group>"; };
		E7C6102B1E9628B300BBB0DD /* GiFHUD.m */ = {isa = PBXFileReference; fileEncoding = 4; lastKnownFileType = sourcecode.c.objc; path = GiFHUD.m; sourceTree = "<group>"; };
		E7C6102C1E9628B300BBB0DD /* loading.gif */ = {isa = PBXFileReference; lastKnownFileType = image.gif; path = loading.gif; sourceTree = "<group>"; };
		E7C6107E1E96357900BBB0DD /* UIKit.framework */ = {isa = PBXFileReference; lastKnownFileType = wrapper.framework; name = UIKit.framework; path = System/Library/Frameworks/UIKit.framework; sourceTree = SDKROOT; };
		E7C610801E9635A800BBB0DD /* Foundation.framework */ = {isa = PBXFileReference; lastKnownFileType = wrapper.framework; name = Foundation.framework; path = System/Library/Frameworks/Foundation.framework; sourceTree = SDKROOT; };
		E7C610821E96361900BBB0DD /* MainBaseNetworkRequest.h */ = {isa = PBXFileReference; fileEncoding = 4; lastKnownFileType = sourcecode.c.h; path = MainBaseNetworkRequest.h; sourceTree = "<group>"; };
		E7C610831E96361900BBB0DD /* MainBaseNetworkRequest.m */ = {isa = PBXFileReference; fileEncoding = 4; lastKnownFileType = sourcecode.c.objc; path = MainBaseNetworkRequest.m; sourceTree = "<group>"; };
		E7C610841E96361900BBB0DD /* MainRequestAPI.h */ = {isa = PBXFileReference; fileEncoding = 4; lastKnownFileType = sourcecode.c.h; path = MainRequestAPI.h; sourceTree = "<group>"; };
		E7C610C81E963FCB00BBB0DD /* NSArray+SNFoundation.h */ = {isa = PBXFileReference; fileEncoding = 4; lastKnownFileType = sourcecode.c.h; path = "NSArray+SNFoundation.h"; sourceTree = "<group>"; };
		E7C610C91E963FCB00BBB0DD /* NSArray+SNFoundation.m */ = {isa = PBXFileReference; fileEncoding = 4; lastKnownFileType = sourcecode.c.objc; path = "NSArray+SNFoundation.m"; sourceTree = "<group>"; };
		E7C610CA1E963FCB00BBB0DD /* NSDate+ExFoundation.h */ = {isa = PBXFileReference; fileEncoding = 4; lastKnownFileType = sourcecode.c.h; path = "NSDate+ExFoundation.h"; sourceTree = "<group>"; };
		E7C610CB1E963FCB00BBB0DD /* NSDate+ExFoundation.m */ = {isa = PBXFileReference; fileEncoding = 4; lastKnownFileType = sourcecode.c.objc; path = "NSDate+ExFoundation.m"; sourceTree = "<group>"; };
		E7C610CC1E963FCB00BBB0DD /* NSDate+SNFoundation.h */ = {isa = PBXFileReference; fileEncoding = 4; lastKnownFileType = sourcecode.c.h; path = "NSDate+SNFoundation.h"; sourceTree = "<group>"; };
		E7C610CD1E963FCB00BBB0DD /* NSDate+SNFoundation.m */ = {isa = PBXFileReference; fileEncoding = 4; lastKnownFileType = sourcecode.c.objc; path = "NSDate+SNFoundation.m"; sourceTree = "<group>"; };
		E7C610CE1E963FCB00BBB0DD /* NSDictionary+ExFoundation.h */ = {isa = PBXFileReference; fileEncoding = 4; lastKnownFileType = sourcecode.c.h; path = "NSDictionary+ExFoundation.h"; sourceTree = "<group>"; };
		E7C610CF1E963FCB00BBB0DD /* NSDictionary+ExFoundation.m */ = {isa = PBXFileReference; fileEncoding = 4; lastKnownFileType = sourcecode.c.objc; path = "NSDictionary+ExFoundation.m"; sourceTree = "<group>"; };
		E7C610D01E963FCB00BBB0DD /* NSDictionary+SNFoundation.h */ = {isa = PBXFileReference; fileEncoding = 4; lastKnownFileType = sourcecode.c.h; path = "NSDictionary+SNFoundation.h"; sourceTree = "<group>"; };
		E7C610D11E963FCB00BBB0DD /* NSDictionary+SNFoundation.m */ = {isa = PBXFileReference; fileEncoding = 4; lastKnownFileType = sourcecode.c.objc; path = "NSDictionary+SNFoundation.m"; sourceTree = "<group>"; };
		E7C610D21E963FCB00BBB0DD /* NSString+Additions.h */ = {isa = PBXFileReference; fileEncoding = 4; lastKnownFileType = sourcecode.c.h; path = "NSString+Additions.h"; sourceTree = "<group>"; };
		E7C610D31E963FCB00BBB0DD /* NSString+Additions.m */ = {isa = PBXFileReference; fileEncoding = 4; lastKnownFileType = sourcecode.c.objc; path = "NSString+Additions.m"; sourceTree = "<group>"; };
		E7C610D41E963FCB00BBB0DD /* NSString+SNFoundation.h */ = {isa = PBXFileReference; fileEncoding = 4; lastKnownFileType = sourcecode.c.h; path = "NSString+SNFoundation.h"; sourceTree = "<group>"; };
		E7C610D51E963FCB00BBB0DD /* NSString+SNFoundation.m */ = {isa = PBXFileReference; fileEncoding = 4; lastKnownFileType = sourcecode.c.objc; path = "NSString+SNFoundation.m"; sourceTree = "<group>"; };
		E7C610D61E963FCB00BBB0DD /* UIColor+SNFoundation.h */ = {isa = PBXFileReference; fileEncoding = 4; lastKnownFileType = sourcecode.c.h; path = "UIColor+SNFoundation.h"; sourceTree = "<group>"; };
		E7C610D71E963FCB00BBB0DD /* UIColor+SNFoundation.m */ = {isa = PBXFileReference; fileEncoding = 4; lastKnownFileType = sourcecode.c.objc; path = "UIColor+SNFoundation.m"; sourceTree = "<group>"; };
		E7C610E01E96404600BBB0DD /* UIWebView+SNFoundation.h */ = {isa = PBXFileReference; fileEncoding = 4; lastKnownFileType = sourcecode.c.h; path = "UIWebView+SNFoundation.h"; sourceTree = "<group>"; };
		E7C610E11E96404600BBB0DD /* UIWebView+SNFoundation.m */ = {isa = PBXFileReference; fileEncoding = 4; lastKnownFileType = sourcecode.c.objc; path = "UIWebView+SNFoundation.m"; sourceTree = "<group>"; };
		E7C610E31E96406F00BBB0DD /* NSData+SNFoundation.h */ = {isa = PBXFileReference; fileEncoding = 4; lastKnownFileType = sourcecode.c.h; path = "NSData+SNFoundation.h"; sourceTree = "<group>"; };
		E7C610E41E96406F00BBB0DD /* NSData+SNFoundation.m */ = {isa = PBXFileReference; fileEncoding = 4; lastKnownFileType = sourcecode.c.objc; path = "NSData+SNFoundation.m"; sourceTree = "<group>"; };
		E7C6110B1E9728B700BBB0DD /* nav_BG.png */ = {isa = PBXFileReference; lastKnownFileType = image.png; path = nav_BG.png; sourceTree = "<group>"; };
		E7C6110C1E9728B700BBB0DD /* nav_back_button.png */ = {isa = PBXFileReference; lastKnownFileType = image.png; path = nav_back_button.png; sourceTree = "<group>"; };
		E7C6110D1E9728B700BBB0DD /* nav_back_button_hightlight.png */ = {isa = PBXFileReference; lastKnownFileType = image.png; path = nav_back_button_hightlight.png; sourceTree = "<group>"; };
		E7C6110E1E9728B700BBB0DD /* home_selected_gr@2x.png */ = {isa = PBXFileReference; lastKnownFileType = image.png; path = "home_selected_gr@2x.png"; sourceTree = "<group>"; };
		E7C6110F1E9728B700BBB0DD /* home_selected_gr@3x.png */ = {isa = PBXFileReference; lastKnownFileType = image.png; path = "home_selected_gr@3x.png"; sourceTree = "<group>"; };
		E7C611101E9728B700BBB0DD /* home_unselected_gr@2x.png */ = {isa = PBXFileReference; lastKnownFileType = image.png; path = "home_unselected_gr@2x.png"; sourceTree = "<group>"; };
		E7C611111E9728B700BBB0DD /* home_unselected_gr@3x.png */ = {isa = PBXFileReference; lastKnownFileType = image.png; path = "home_unselected_gr@3x.png"; sourceTree = "<group>"; };
		E7C611121E9728B700BBB0DD /* home_selected_jl@2x.png */ = {isa = PBXFileReference; lastKnownFileType = image.png; path = "home_selected_jl@2x.png"; sourceTree = "<group>"; };
		E7C611131E9728B700BBB0DD /* home_selected_jl@3x.png */ = {isa = PBXFileReference; lastKnownFileType = image.png; path = "home_selected_jl@3x.png"; sourceTree = "<group>"; };
		E7C611141E9728B700BBB0DD /* home_unselected_jl@2x.png */ = {isa = PBXFileReference; lastKnownFileType = image.png; path = "home_unselected_jl@2x.png"; sourceTree = "<group>"; };
		E7C611151E9728B700BBB0DD /* home_unselected_jl@3x.png */ = {isa = PBXFileReference; lastKnownFileType = image.png; path = "home_unselected_jl@3x.png"; sourceTree = "<group>"; };
		E7C611231E9728D900BBB0DD /* BaseSkinColor.h */ = {isa = PBXFileReference; fileEncoding = 4; lastKnownFileType = sourcecode.c.h; path = BaseSkinColor.h; sourceTree = "<group>"; };
		E7C611241E9728D900BBB0DD /* HMNavigationController.h */ = {isa = PBXFileReference; fileEncoding = 4; lastKnownFileType = sourcecode.c.h; path = HMNavigationController.h; sourceTree = "<group>"; };
		E7C611251E9728D900BBB0DD /* HMNavigationController.m */ = {isa = PBXFileReference; fileEncoding = 4; lastKnownFileType = sourcecode.c.objc; path = HMNavigationController.m; sourceTree = "<group>"; };
		E7C611261E9728D900BBB0DD /* HMTabBar.h */ = {isa = PBXFileReference; fileEncoding = 4; lastKnownFileType = sourcecode.c.h; path = HMTabBar.h; sourceTree = "<group>"; };
		E7C611271E9728D900BBB0DD /* HMTabBar.m */ = {isa = PBXFileReference; fileEncoding = 4; lastKnownFileType = sourcecode.c.objc; path = HMTabBar.m; sourceTree = "<group>"; };
		E7C611281E9728D900BBB0DD /* HMTabBarViewController.h */ = {isa = PBXFileReference; fileEncoding = 4; lastKnownFileType = sourcecode.c.h; path = HMTabBarViewController.h; sourceTree = "<group>"; };
		E7C611291E9728D900BBB0DD /* HMTabBarViewController.m */ = {isa = PBXFileReference; fileEncoding = 4; lastKnownFileType = sourcecode.c.objc; path = HMTabBarViewController.m; sourceTree = "<group>"; };
		E7C6112A1E9728D900BBB0DD /* UIBarButtonItem+Extension.h */ = {isa = PBXFileReference; fileEncoding = 4; lastKnownFileType = sourcecode.c.h; path = "UIBarButtonItem+Extension.h"; sourceTree = "<group>"; };
		E7C6112B1E9728D900BBB0DD /* UIBarButtonItem+Extension.m */ = {isa = PBXFileReference; fileEncoding = 4; lastKnownFileType = sourcecode.c.objc; path = "UIBarButtonItem+Extension.m"; sourceTree = "<group>"; };
/* End PBXFileReference section */

/* Begin PBXFrameworksBuildPhase section */
		E7C610071E961DC500BBB0DD /* Frameworks */ = {
			isa = PBXFrameworksBuildPhase;
			buildActionMask = 2147483647;
			files = (
				E7C610811E9635A800BBB0DD /* Foundation.framework in Frameworks */,
				E7C6107F1E96357900BBB0DD /* UIKit.framework in Frameworks */,
				687DBD71B0245FFBE0F2543D /* libPods-MyAppFrame.a in Frameworks */,
			);
			runOnlyForDeploymentPostprocessing = 0;
		};
/* End PBXFrameworksBuildPhase section */

/* Begin PBXGroup section */
		22E4117BEFA572FE7F984A84 /* Frameworks */ = {
			isa = PBXGroup;
			children = (
				E7C610801E9635A800BBB0DD /* Foundation.framework */,
				E7C6107E1E96357900BBB0DD /* UIKit.framework */,
				BAC04B44C90F99449DA97CCA /* libPods-MyAppFrame.a */,
			);
			name = Frameworks;
			sourceTree = "<group>";
		};
		7D263292D1B3184BF9BF3332 /* Pods */ = {
			isa = PBXGroup;
			children = (
				CF9702E9538AB6B1D06E4D3D /* Pods-MyAppFrame.debug.xcconfig */,
				7539BB608AA0092C9790E2BF /* Pods-MyAppFrame.release.xcconfig */,
			);
			name = Pods;
			sourceTree = "<group>";
		};
		E7C610011E961DC500BBB0DD = {
			isa = PBXGroup;
			children = (
				E7C6100C1E961DC500BBB0DD /* MyAppFrame */,
				E7C6100B1E961DC500BBB0DD /* Products */,
				7D263292D1B3184BF9BF3332 /* Pods */,
				22E4117BEFA572FE7F984A84 /* Frameworks */,
			);
			sourceTree = "<group>";
		};
		E7C6100B1E961DC500BBB0DD /* Products */ = {
			isa = PBXGroup;
			children = (
				E7C6100A1E961DC500BBB0DD /* MyAppFrame.app */,
			);
			name = Products;
			sourceTree = "<group>";
		};
		E7C6100C1E961DC500BBB0DD /* MyAppFrame */ = {
			isa = PBXGroup;
			children = (
				E7C610251E96276F00BBB0DD /* Classes */,
				E7C610261E96279300BBB0DD /* Vonder */,
				E7C610271E9627A700BBB0DD /* Images */,
				E7C610101E961DC500BBB0DD /* AppDelegate.h */,
				E7C610111E961DC500BBB0DD /* AppDelegate.mm */,
				E7C610131E961DC500BBB0DD /* ViewController.h */,
				E7C610141E961DC500BBB0DD /* ViewController.m */,
				E7C610161E961DC500BBB0DD /* Main.storyboard */,
				E7C610191E961DC500BBB0DD /* Assets.xcassets */,
				E7C6101B1E961DC500BBB0DD /* LaunchScreen.storyboard */,
				E7C6101E1E961DC500BBB0DD /* Info.plist */,
				E7C610241E9621F900BBB0DD /* PrefixHeader.pch */,
				E7C6100D1E961DC500BBB0DD /* Supporting Files */,
			);
			path = MyAppFrame;
			sourceTree = "<group>";
		};
		E7C6100D1E961DC500BBB0DD /* Supporting Files */ = {
			isa = PBXGroup;
			children = (
				E7C6100E1E961DC500BBB0DD /* main.m */,
			);
			name = "Supporting Files";
			sourceTree = "<group>";
		};
		E7C610251E96276F00BBB0DD /* Classes */ = {
			isa = PBXGroup;
			children = (
			);
			path = Classes;
			sourceTree = "<group>";
		};
		E7C610261E96279300BBB0DD /* Vonder */ = {
			isa = PBXGroup;
			children = (
				E7C611221E9728D900BBB0DD /* HMTabbar */,
				E7C610861E963BBB00BBB0DD /* SNFoundation */,
				E7C610281E96288400BBB0DD /* BaseNetwork */,
			);
			path = Vonder;
			sourceTree = "<group>";
		};
		E7C610271E9627A700BBB0DD /* Images */ = {
			isa = PBXGroup;
			children = (
				E7C611161E9728B700BBB0DD /* 导航栏 */,
			);
			path = Images;
			sourceTree = "<group>";
		};
		E7C610281E96288400BBB0DD /* BaseNetwork */ = {
			isa = PBXGroup;
			children = (
				E7C610821E96361900BBB0DD /* MainBaseNetworkRequest.h */,
				E7C610831E96361900BBB0DD /* MainBaseNetworkRequest.m */,
				E7C610841E96361900BBB0DD /* MainRequestAPI.h */,
				E7C610291E9628B300BBB0DD /* DHBGIFHUD */,
			);
			path = BaseNetwork;
			sourceTree = "<group>";
		};
		E7C610291E9628B300BBB0DD /* DHBGIFHUD */ = {
			isa = PBXGroup;
			children = (
				E7C6102A1E9628B300BBB0DD /* GiFHUD.h */,
				E7C6102B1E9628B300BBB0DD /* GiFHUD.m */,
				E7C6102C1E9628B300BBB0DD /* loading.gif */,
			);
			path = DHBGIFHUD;
			sourceTree = "<group>";
		};
		E7C610861E963BBB00BBB0DD /* SNFoundation */ = {
			isa = PBXGroup;
			children = (
				E7C610E31E96406F00BBB0DD /* NSData+SNFoundation.h */,
				E7C610E41E96406F00BBB0DD /* NSData+SNFoundation.m */,
				E7C610C81E963FCB00BBB0DD /* NSArray+SNFoundation.h */,
				E7C610C91E963FCB00BBB0DD /* NSArray+SNFoundation.m */,
				E7C610CA1E963FCB00BBB0DD /* NSDate+ExFoundation.h */,
				E7C610CB1E963FCB00BBB0DD /* NSDate+ExFoundation.m */,
				E7C610CC1E963FCB00BBB0DD /* NSDate+SNFoundation.h */,
				E7C610CD1E963FCB00BBB0DD /* NSDate+SNFoundation.m */,
				E7C610CE1E963FCB00BBB0DD /* NSDictionary+ExFoundation.h */,
				E7C610CF1E963FCB00BBB0DD /* NSDictionary+ExFoundation.m */,
				E7C610D01E963FCB00BBB0DD /* NSDictionary+SNFoundation.h */,
				E7C610D11E963FCB00BBB0DD /* NSDictionary+SNFoundation.m */,
				E7C610D21E963FCB00BBB0DD /* NSString+Additions.h */,
				E7C610D31E963FCB00BBB0DD /* NSString+Additions.m */,
				E7C610D41E963FCB00BBB0DD /* NSString+SNFoundation.h */,
				E7C610D51E963FCB00BBB0DD /* NSString+SNFoundation.m */,
				E7C610D61E963FCB00BBB0DD /* UIColor+SNFoundation.h */,
				E7C610D71E963FCB00BBB0DD /* UIColor+SNFoundation.m */,
				E7C610E01E96404600BBB0DD /* UIWebView+SNFoundation.h */,
				E7C610E11E96404600BBB0DD /* UIWebView+SNFoundation.m */,
			);
			path = SNFoundation;
			sourceTree = "<group>";
		};
		E7C611161E9728B700BBB0DD /* 导航栏 */ = {
			isa = PBXGroup;
			children = (
				E7C6110B1E9728B700BBB0DD /* nav_BG.png */,
				E7C6110C1E9728B700BBB0DD /* nav_back_button.png */,
				E7C6110D1E9728B700BBB0DD /* nav_back_button_hightlight.png */,
				E7C6110E1E9728B700BBB0DD /* home_selected_gr@2x.png */,
				E7C6110F1E9728B700BBB0DD /* home_selected_gr@3x.png */,
				E7C611101E9728B700BBB0DD /* home_unselected_gr@2x.png */,
				E7C611111E9728B700BBB0DD /* home_unselected_gr@3x.png */,
				E7C611121E9728B700BBB0DD /* home_selected_jl@2x.png */,
				E7C611131E9728B700BBB0DD /* home_selected_jl@3x.png */,
				E7C611141E9728B700BBB0DD /* home_unselected_jl@2x.png */,
				E7C611151E9728B700BBB0DD /* home_unselected_jl@3x.png */,
			);
			name = "导航栏";
			path = "../../../shenghuobang/MyAppFrame/Images/导航栏";
			sourceTree = "<group>";
		};
		E7C611221E9728D900BBB0DD /* HMTabbar */ = {
			isa = PBXGroup;
			children = (
				E7C611231E9728D900BBB0DD /* BaseSkinColor.h */,
				E7C611241E9728D900BBB0DD /* HMNavigationController.h */,
				E7C611251E9728D900BBB0DD /* HMNavigationController.m */,
				E7C611261E9728D900BBB0DD /* HMTabBar.h */,
				E7C611271E9728D900BBB0DD /* HMTabBar.m */,
				E7C611281E9728D900BBB0DD /* HMTabBarViewController.h */,
				E7C611291E9728D900BBB0DD /* HMTabBarViewController.m */,
				E7C6112A1E9728D900BBB0DD /* UIBarButtonItem+Extension.h */,
				E7C6112B1E9728D900BBB0DD /* UIBarButtonItem+Extension.m */,
			);
			path = HMTabbar;
			sourceTree = "<group>";
		};
/* End PBXGroup section */

/* Begin PBXNativeTarget section */
		E7C610091E961DC500BBB0DD /* MyAppFrame */ = {
			isa = PBXNativeTarget;
			buildConfigurationList = E7C610211E961DC500BBB0DD /* Build configuration list for PBXNativeTarget "MyAppFrame" */;
			buildPhases = (
				7EC525606E90B4BEF7FBAD42 /* [CP] Check Pods Manifest.lock */,
				E7C610061E961DC500BBB0DD /* Sources */,
				E7C610071E961DC500BBB0DD /* Frameworks */,
				E7C610081E961DC500BBB0DD /* Resources */,
				099C05187E5E74ADED6A7AB0 /* [CP] Embed Pods Frameworks */,
				AF6F88765C3E7C935BE5A474 /* [CP] Copy Pods Resources */,
			);
			buildRules = (
			);
			dependencies = (
			);
			name = MyAppFrame;
			productName = MyAppFrame;
			productReference = E7C6100A1E961DC500BBB0DD /* MyAppFrame.app */;
			productType = "com.apple.product-type.application";
		};
/* End PBXNativeTarget section */

/* Begin PBXProject section */
		E7C610021E961DC500BBB0DD /* Project object */ = {
			isa = PBXProject;
			attributes = {
				LastUpgradeCheck = 0820;
				ORGANIZATIONNAME = "Chen, ZiKui";
				TargetAttributes = {
					E7C610091E961DC500BBB0DD = {
						CreatedOnToolsVersion = 8.2.1;
						DevelopmentTeam = C6J8T6SJPD;
						ProvisioningStyle = Automatic;
					};
				};
			};
			buildConfigurationList = E7C610051E961DC500BBB0DD /* Build configuration list for PBXProject "MyAppFrame" */;
			compatibilityVersion = "Xcode 3.2";
			developmentRegion = English;
			hasScannedForEncodings = 0;
			knownRegions = (
				en,
				Base,
			);
			mainGroup = E7C610011E961DC500BBB0DD;
			productRefGroup = E7C6100B1E961DC500BBB0DD /* Products */;
			projectDirPath = "";
			projectRoot = "";
			targets = (
				E7C610091E961DC500BBB0DD /* MyAppFrame */,
			);
		};
/* End PBXProject section */

/* Begin PBXResourcesBuildPhase section */
		E7C610081E961DC500BBB0DD /* Resources */ = {
			isa = PBXResourcesBuildPhase;
			buildActionMask = 2147483647;
			files = (
				E7C6111C1E9728B700BBB0DD /* home_unselected_gr@2x.png in Resources */,
				E7C611211E9728B700BBB0DD /* home_unselected_jl@3x.png in Resources */,
				E7C611181E9728B700BBB0DD /* nav_back_button.png in Resources */,
				E7C611171E9728B700BBB0DD /* nav_BG.png in Resources */,
				E7C6111F1E9728B700BBB0DD /* home_selected_jl@3x.png in Resources */,
				E7C6111D1E9728B700BBB0DD /* home_unselected_gr@3x.png in Resources */,
				E7C611191E9728B700BBB0DD /* nav_back_button_hightlight.png in Resources */,
				E7C6101D1E961DC500BBB0DD /* LaunchScreen.storyboard in Resources */,
				E7C6111E1E9728B700BBB0DD /* home_selected_jl@2x.png in Resources */,
				E7C610311E9628B300BBB0DD /* loading.gif in Resources */,
				E7C6111A1E9728B700BBB0DD /* home_selected_gr@2x.png in Resources */,
				E7C6101A1E961DC500BBB0DD /* Assets.xcassets in Resources */,
				E7C611201E9728B700BBB0DD /* home_unselected_jl@2x.png in Resources */,
				E7C610181E961DC500BBB0DD /* Main.storyboard in Resources */,
				E7C6111B1E9728B700BBB0DD /* home_selected_gr@3x.png in Resources */,
			);
			runOnlyForDeploymentPostprocessing = 0;
		};
/* End PBXResourcesBuildPhase section */

/* Begin PBXShellScriptBuildPhase section */
		099C05187E5E74ADED6A7AB0 /* [CP] Embed Pods Frameworks */ = {
			isa = PBXShellScriptBuildPhase;
			buildActionMask = 2147483647;
			files = (
			);
			inputPaths = (
			);
			name = "[CP] Embed Pods Frameworks";
			outputPaths = (
			);
			runOnlyForDeploymentPostprocessing = 0;
			shellPath = /bin/sh;
			shellScript = "\"${SRCROOT}/Pods/Target Support Files/Pods-MyAppFrame/Pods-MyAppFrame-frameworks.sh\"\n";
			showEnvVarsInLog = 0;
		};
		7EC525606E90B4BEF7FBAD42 /* [CP] Check Pods Manifest.lock */ = {
			isa = PBXShellScriptBuildPhase;
			buildActionMask = 2147483647;
			files = (
			);
			inputPaths = (
			);
			name = "[CP] Check Pods Manifest.lock";
			outputPaths = (
			);
			runOnlyForDeploymentPostprocessing = 0;
			shellPath = /bin/sh;
			shellScript = "diff \"${PODS_ROOT}/../Podfile.lock\" \"${PODS_ROOT}/Manifest.lock\" > /dev/null\nif [ $? != 0 ] ; then\n    # print error to STDERR\n    echo \"error: The sandbox is not in sync with the Podfile.lock. Run 'pod install' or update your CocoaPods installation.\" >&2\n    exit 1\nfi\n";
			showEnvVarsInLog = 0;
		};
		AF6F88765C3E7C935BE5A474 /* [CP] Copy Pods Resources */ = {
			isa = PBXShellScriptBuildPhase;
			buildActionMask = 2147483647;
			files = (
			);
			inputPaths = (
			);
			name = "[CP] Copy Pods Resources";
			outputPaths = (
			);
			runOnlyForDeploymentPostprocessing = 0;
			shellPath = /bin/sh;
			shellScript = "\"${SRCROOT}/Pods/Target Support Files/Pods-MyAppFrame/Pods-MyAppFrame-resources.sh\"\n";
			showEnvVarsInLog = 0;
		};
/* End PBXShellScriptBuildPhase section */

/* Begin PBXSourcesBuildPhase section */
		E7C610061E961DC500BBB0DD /* Sources */ = {
			isa = PBXSourcesBuildPhase;
			buildActionMask = 2147483647;
			files = (
				E7C610151E961DC500BBB0DD /* ViewController.m in Sources */,
				E7C6112E1E9728D900BBB0DD /* HMTabBarViewController.m in Sources */,
				E7C610DB1E963FCB00BBB0DD /* NSDictionary+ExFoundation.m in Sources */,
				E7C610121E961DC500BBB0DD /* AppDelegate.mm in Sources */,
				E7C610DD1E963FCB00BBB0DD /* NSString+Additions.m in Sources */,
				E7C610E51E96406F00BBB0DD /* NSData+SNFoundation.m in Sources */,
				E7C610DA1E963FCB00BBB0DD /* NSDate+SNFoundation.m in Sources */,
				E7C610E21E96404600BBB0DD /* UIWebView+SNFoundation.m in Sources */,
				E7C610DE1E963FCB00BBB0DD /* NSString+SNFoundation.m in Sources */,
				E7C610DC1E963FCB00BBB0DD /* NSDictionary+SNFoundation.m in Sources */,
				E7C610851E96361900BBB0DD /* MainBaseNetworkRequest.m in Sources */,
				E7C6112F1E9728D900BBB0DD /* UIBarButtonItem+Extension.m in Sources */,
				E7C610D91E963FCB00BBB0DD /* NSDate+ExFoundation.m in Sources */,
				E7C610301E9628B300BBB0DD /* GiFHUD.m in Sources */,
				E7C6112C1E9728D900BBB0DD /* HMNavigationController.m in Sources */,
				E7C610DF1E963FCB00BBB0DD /* UIColor+SNFoundation.m in Sources */,
				E7C610D81E963FCB00BBB0DD /* NSArray+SNFoundation.m in Sources */,
				E7C6112D1E9728D900BBB0DD /* HMTabBar.m in Sources */,
				E7C6100F1E961DC500BBB0DD /* main.m in Sources */,
			);
			runOnlyForDeploymentPostprocessing = 0;
		};
/* End PBXSourcesBuildPhase section */

/* Begin PBXVariantGroup section */
		E7C610161E961DC500BBB0DD /* Main.storyboard */ = {
			isa = PBXVariantGroup;
			children = (
				E7C610171E961DC500BBB0DD /* Base */,
			);
			name = Main.storyboard;
			sourceTree = "<group>";
		};
		E7C6101B1E961DC500BBB0DD /* LaunchScreen.storyboard */ = {
			isa = PBXVariantGroup;
			children = (
				E7C6101C1E961DC500BBB0DD /* Base */,
			);
			name = LaunchScreen.storyboard;
			sourceTree = "<group>";
		};
/* End PBXVariantGroup section */

/* Begin XCBuildConfiguration section */
		E7C6101F1E961DC500BBB0DD /* Debug */ = {
			isa = XCBuildConfiguration;
			buildSettings = {
				ALWAYS_SEARCH_USER_PATHS = NO;
				CLANG_ANALYZER_NONNULL = YES;
				CLANG_CXX_LANGUAGE_STANDARD = "gnu++0x";
				CLANG_CXX_LIBRARY = "libc++";
				CLANG_ENABLE_MODULES = YES;
				CLANG_ENABLE_OBJC_ARC = YES;
				CLANG_WARN_BOOL_CONVERSION = YES;
				CLANG_WARN_CONSTANT_CONVERSION = YES;
				CLANG_WARN_DIRECT_OBJC_ISA_USAGE = YES_ERROR;
				CLANG_WARN_DOCUMENTATION_COMMENTS = YES;
				CLANG_WARN_EMPTY_BODY = YES;
				CLANG_WARN_ENUM_CONVERSION = YES;
				CLANG_WARN_INFINITE_RECURSION = YES;
				CLANG_WARN_INT_CONVERSION = YES;
				CLANG_WARN_OBJC_ROOT_CLASS = YES_ERROR;
				CLANG_WARN_SUSPICIOUS_MOVE = YES;
				CLANG_WARN_UNREACHABLE_CODE = YES;
				CLANG_WARN__DUPLICATE_METHOD_MATCH = YES;
				"CODE_SIGN_IDENTITY[sdk=iphoneos*]" = "iPhone Developer";
				COPY_PHASE_STRIP = NO;
				DEBUG_INFORMATION_FORMAT = dwarf;
				ENABLE_STRICT_OBJC_MSGSEND = YES;
				ENABLE_TESTABILITY = YES;
				GCC_C_LANGUAGE_STANDARD = gnu99;
				GCC_DYNAMIC_NO_PIC = NO;
				GCC_NO_COMMON_BLOCKS = YES;
				GCC_OPTIMIZATION_LEVEL = 0;
				GCC_PREPROCESSOR_DEFINITIONS = (
					"DEBUG=1",
					"$(inherited)",
				);
				GCC_WARN_64_TO_32_BIT_CONVERSION = YES;
				GCC_WARN_ABOUT_RETURN_TYPE = YES_ERROR;
				GCC_WARN_UNDECLARED_SELECTOR = YES;
				GCC_WARN_UNINITIALIZED_AUTOS = YES_AGGRESSIVE;
				GCC_WARN_UNUSED_FUNCTION = YES;
				GCC_WARN_UNUSED_VARIABLE = YES;
				IPHONEOS_DEPLOYMENT_TARGET = 10.2;
				MTL_ENABLE_DEBUG_INFO = YES;
				ONLY_ACTIVE_ARCH = YES;
				SDKROOT = iphoneos;
				TARGETED_DEVICE_FAMILY = "1,2";
			};
			name = Debug;
		};
		E7C610201E961DC500BBB0DD /* Release */ = {
			isa = XCBuildConfiguration;
			buildSettings = {
				ALWAYS_SEARCH_USER_PATHS = NO;
				CLANG_ANALYZER_NONNULL = YES;
				CLANG_CXX_LANGUAGE_STANDARD = "gnu++0x";
				CLANG_CXX_LIBRARY = "libc++";
				CLANG_ENABLE_MODULES = YES;
				CLANG_ENABLE_OBJC_ARC = YES;
				CLANG_WARN_BOOL_CONVERSION = YES;
				CLANG_WARN_CONSTANT_CONVERSION = YES;
				CLANG_WARN_DIRECT_OBJC_ISA_USAGE = YES_ERROR;
				CLANG_WARN_DOCUMENTATION_COMMENTS = YES;
				CLANG_WARN_EMPTY_BODY = YES;
				CLANG_WARN_ENUM_CONVERSION = YES;
				CLANG_WARN_INFINITE_RECURSION = YES;
				CLANG_WARN_INT_CONVERSION = YES;
				CLANG_WARN_OBJC_ROOT_CLASS = YES_ERROR;
				CLANG_WARN_SUSPICIOUS_MOVE = YES;
				CLANG_WARN_UNREACHABLE_CODE = YES;
				CLANG_WARN__DUPLICATE_METHOD_MATCH = YES;
				"CODE_SIGN_IDENTITY[sdk=iphoneos*]" = "iPhone Developer";
				COPY_PHASE_STRIP = NO;
				DEBUG_INFORMATION_FORMAT = "dwarf-with-dsym";
				ENABLE_NS_ASSERTIONS = NO;
				ENABLE_STRICT_OBJC_MSGSEND = YES;
				GCC_C_LANGUAGE_STANDARD = gnu99;
				GCC_NO_COMMON_BLOCKS = YES;
				GCC_WARN_64_TO_32_BIT_CONVERSION = YES;
				GCC_WARN_ABOUT_RETURN_TYPE = YES_ERROR;
				GCC_WARN_UNDECLARED_SELECTOR = YES;
				GCC_WARN_UNINITIALIZED_AUTOS = YES_AGGRESSIVE;
				GCC_WARN_UNUSED_FUNCTION = YES;
				GCC_WARN_UNUSED_VARIABLE = YES;
				IPHONEOS_DEPLOYMENT_TARGET = 10.2;
				MTL_ENABLE_DEBUG_INFO = NO;
				SDKROOT = iphoneos;
				TARGETED_DEVICE_FAMILY = "1,2";
				VALIDATE_PRODUCT = YES;
			};
			name = Release;
		};
		E7C610221E961DC500BBB0DD /* Debug */ = {
			isa = XCBuildConfiguration;
			baseConfigurationReference = CF9702E9538AB6B1D06E4D3D /* Pods-MyAppFrame.debug.xcconfig */;
			buildSettings = {
				ASSETCATALOG_COMPILER_APPICON_NAME = AppIcon;
				DEVELOPMENT_TEAM = C6J8T6SJPD;
				GCC_PRECOMPILE_PREFIX_HEADER = YES;
				GCC_PREFIX_HEADER = "$(SRCROOT)/MyAppFrame/PrefixHeader.pch";
				INFOPLIST_FILE = MyAppFrame/Info.plist;
				LD_RUNPATH_SEARCH_PATHS = "$(inherited) @executable_path/Frameworks";
				PRODUCT_BUNDLE_IDENTIFIER = zikui.Chen.MyAppFrame;
				PRODUCT_NAME = "$(TARGET_NAME)";
				USER_HEADER_SEARCH_PATHS = "${SRCROOT}/**";
			};
			name = Debug;
		};
		E7C610231E961DC500BBB0DD /* Release */ = {
			isa = XCBuildConfiguration;
			baseConfigurationReference = 7539BB608AA0092C9790E2BF /* Pods-MyAppFrame.release.xcconfig */;
			buildSettings = {
				ASSETCATALOG_COMPILER_APPICON_NAME = AppIcon;
				DEVELOPMENT_TEAM = C6J8T6SJPD;
				GCC_PRECOMPILE_PREFIX_HEADER = YES;
				GCC_PREFIX_HEADER = "$(SRCROOT)/MyAppFrame/PrefixHeader.pch";
				INFOPLIST_FILE = MyAppFrame/Info.plist;
				LD_RUNPATH_SEARCH_PATHS = "$(inherited) @executable_path/Frameworks";
				PRODUCT_BUNDLE_IDENTIFIER = zikui.Chen.MyAppFrame;
				PRODUCT_NAME = "$(TARGET_NAME)";
				USER_HEADER_SEARCH_PATHS = "${SRCROOT}/**";
			};
			name = Release;
		};
/* End XCBuildConfiguration section */

/* Begin XCConfigurationList section */
		E7C610051E961DC500BBB0DD /* Build configuration list for PBXProject "MyAppFrame" */ = {
			isa = XCConfigurationList;
			buildConfigurations = (
				E7C6101F1E961DC500BBB0DD /* Debug */,
				E7C610201E961DC500BBB0DD /* Release */,
			);
			defaultConfigurationIsVisible = 0;
			defaultConfigurationName = Release;
		};
		E7C610211E961DC500BBB0DD /* Build configuration list for PBXNativeTarget "MyAppFrame" */ = {
			isa = XCConfigurationList;
			buildConfigurations = (
				E7C610221E961DC500BBB0DD /* Debug */,
				E7C610231E961DC500BBB0DD /* Release */,
			);
			defaultConfigurationIsVisible = 0;
			defaultConfigurationName = Release;
		};
/* End XCConfigurationList section */
	};
	rootObject = E7C610021E961DC500BBB0DD /* Project object */;
}
